
Microsoft Visual Studio Solution File, Format Version 12.00
# Visual Studio 15
VisualStudioVersion = 15.0.28010.2046
MinimumVisualStudioVersion = 10.0.40219.1
Project("{FAE04EC0-301F-11D3-BF4B-00C04F79EFBC}") = "TmspRoster", "TmspRoster\TmspRoster.csproj", "{1E41012C-83C1-4CED-9F10-92DEA635ACB4}"
EndProject
Global
	GlobalSection(SolutionConfigurationPlatforms) = preSolution
		Debug|Any CPU = Debug|Any CPU
		Release|Any CPU = Release|Any CPU
	EndGlobalSection
	GlobalSection(ProjectConfigurationPlatforms) = postSolution
		{1E41012C-83C1-4CED-9F10-92DEA635ACB4}.Debug|Any CPU.ActiveCfg = Debug|Any CPU
		{1E41012C-83C1-4CED-9F10-92DEA635ACB4}.Debug|Any CPU.Build.0 = Debug|Any CPU
		{1E41012C-83C1-4CED-9F10-92DEA635ACB4}.Release|Any CPU.ActiveCfg = Release|Any CPU
		{1E41012C-83C1-4CED-9F10-92DEA635ACB4}.Release|Any CPU.Build.0 = Release|Any CPU
	EndGlobalSection
	GlobalSection(SolutionProperties) = preSolution
		HideSolutionNode = FALSE
	EndGlobalSection
	GlobalSection(ExtensibilityGlobals) = postSolution
		SolutionGuid = {5AFE57A4-183D-4896-AD54-7FA11BF11D13}
	EndGlobalSection
EndGlobal
